<?xml version="1.0" encoding="UTF-8"?>
<Scheme
   version = "1.3">
   <BuildAction>
      <BuildActionEntries>
         <BuildActionEntry
            buildForRunning = "YES">
            <BuildableReference
               BuildableIdentifier = "primary"
               BlueprintIdentifier = "5DC4D8512117A9A400B1D9C7"
               BuildableName = "Magic 8 Ball.app"
               BlueprintName = "Magic 8 Ball"
               ReferencedContainer = "container:Magic 8 Ball.xcodeproj">
            </BuildableReference>
         </BuildActionEntry>
      </BuildActionEntries>
   </BuildAction>
   <LaunchAction
      useCustomWorkingDirectory = "NO"
      buildConfiguration = "Debug"
      allowLocationSimulation = "YES">
      <BuildableProductRunnable>
         <BuildableReference
            BuildableIdentifier = "primary"
            BlueprintIdentifier = "5DC4D8512117A9A400B1D9C7"
            BuildableName = "Magic 8 Ball.app"
            BlueprintName = "Magic 8 Ball"
            ReferencedContainer = "container:Magic 8 Ball.xcodeproj">
         </BuildableReference>
      </BuildableProductRunnable>
   </LaunchAction>
</Scheme>
